
Microsoft Visual Studio Solution File, Format Version 12.00
# Visual Studio Version 17
VisualStudioVersion = 17.14.36623.8
MinimumVisualStudioVersion = 10.0.40219.1
Project("{FAE04EC0-301F-11D3-BF4B-00C04F79EFBC}") = "RegistroComunitario", "RegistroComunitario.csproj", "{590B7DFE-C8B1-48DB-8AF6-3E1729047F10}"
EndProject
Global
	GlobalSection(SolutionConfigurationPlatforms) = preSolution
		Debug|Any CPU = Debug|Any CPU
		Release|Any CPU = Release|Any CPU
	EndGlobalSection
	GlobalSection(ProjectConfigurationPlatforms) = postSolution
		{590B7DFE-C8B1-48DB-8AF6-3E1729047F10}.Debug|Any CPU.ActiveCfg = Debug|Any CPU
		{590B7DFE-C8B1-48DB-8AF6-3E1729047F10}.Debug|Any CPU.Build.0 = Debug|Any CPU
		{590B7DFE-C8B1-48DB-8AF6-3E1729047F10}.Release|Any CPU.ActiveCfg = Release|Any CPU
		{590B7DFE-C8B1-48DB-8AF6-3E1729047F10}.Release|Any CPU.Build.0 = Release|Any CPU
	EndGlobalSection
	GlobalSection(SolutionProperties) = preSolution
		HideSolutionNode = FALSE
	EndGlobalSection
	GlobalSection(ExtensibilityGlobals) = postSolution
		SolutionGuid = {AC6859C8-9003-41B1-8F42-B607B77A7D06}
	EndGlobalSection
EndGlobal
